
Microsoft Visual Studio Solution File, Format Version 12.00
# Visual Studio Version 16
VisualStudioVersion = 16.0.31911.196
MinimumVisualStudioVersion = 10.0.40219.1
Project("{FAE04EC0-301F-11D3-BF4B-00C04F79EFBC}") = "CachingWeatherForeCast", "CachingWeatherForeCast.csproj", "{853FDF81-6262-4E84-9D2A-5D1B8CB4C2E8}"
EndProject
Global
	GlobalSection(SolutionConfigurationPlatforms) = preSolution
		Debug|Any CPU = Debug|Any CPU
		Release|Any CPU = Release|Any CPU
	EndGlobalSection
	GlobalSection(ProjectConfigurationPlatforms) = postSolution
		{853FDF81-6262-4E84-9D2A-5D1B8CB4C2E8}.Debug|Any CPU.ActiveCfg = Debug|Any CPU
		{853FDF81-6262-4E84-9D2A-5D1B8CB4C2E8}.Debug|Any CPU.Build.0 = Debug|Any CPU
		{853FDF81-6262-4E84-9D2A-5D1B8CB4C2E8}.Release|Any CPU.ActiveCfg = Release|Any CPU
		{853FDF81-6262-4E84-9D2A-5D1B8CB4C2E8}.Release|Any CPU.Build.0 = Release|Any CPU
	EndGlobalSection
	GlobalSection(SolutionProperties) = preSolution
		HideSolutionNode = FALSE
	EndGlobalSection
	GlobalSection(ExtensibilityGlobals) = postSolution
		SolutionGuid = {0CDF651B-E401-4C1F-B25A-1E331A557DE0}
	EndGlobalSection
EndGlobal
